
Microsoft Visual Studio Solution File, Format Version 12.00
# Visual Studio Version 16
VisualStudioVersion = 16.0.30907.101
MinimumVisualStudioVersion = 10.0.40219.1
Project("{9A19103F-16F7-4668-BE54-9A1E7A4F7556}") = "DataAccess", "DataAccess\DataAccess.csproj", "{3FB254B2-4B5B-4109-B7C3-5AB184782165}"
EndProject
Project("{9A19103F-16F7-4668-BE54-9A1E7A4F7556}") = "Business", "Business\Business.csproj", "{66AE7B35-C505-4CCE-97D1-191F91F1686D}"
EndProject
Project("{9A19103F-16F7-4668-BE54-9A1E7A4F7556}") = "Entities", "Entities\Entities.csproj", "{8F5FFDBF-633E-4629-8F2D-5169F932ED66}"
EndProject
Project("{9A19103F-16F7-4668-BE54-9A1E7A4F7556}") = "ConsolUI", "ConsolUI\ConsolUI.csproj", "{D5D107D3-A851-4E89-AACB-4A3EE53B244D}"
EndProject
Project("{9A19103F-16F7-4668-BE54-9A1E7A4F7556}") = "Core", "Core\Core.csproj", "{40568570-451A-4208-808C-354773C1B54B}"
EndProject
Project("{FAE04EC0-301F-11D3-BF4B-00C04F79EFBC}") = "WebAPI", "WebAPI\WebAPI.csproj", "{E0186127-7F59-4057-94BE-15058FB7F704}"
EndProject
Global
	GlobalSection(SolutionConfigurationPlatforms) = preSolution
		Debug|Any CPU = Debug|Any CPU
		Release|Any CPU = Release|Any CPU
	EndGlobalSection
	GlobalSection(ProjectConfigurationPlatforms) = postSolution
		{3FB254B2-4B5B-4109-B7C3-5AB184782165}.Debug|Any CPU.ActiveCfg = Debug|Any CPU
		{3FB254B2-4B5B-4109-B7C3-5AB184782165}.Debug|Any CPU.Build.0 = Debug|Any CPU
		{3FB254B2-4B5B-4109-B7C3-5AB184782165}.Release|Any CPU.ActiveCfg = Release|Any CPU
		{3FB254B2-4B5B-4109-B7C3-5AB184782165}.Release|Any CPU.Build.0 = Release|Any CPU
		{66AE7B35-C505-4CCE-97D1-191F91F1686D}.Debug|Any CPU.ActiveCfg = Debug|Any CPU
		{66AE7B35-C505-4CCE-97D1-191F91F1686D}.Debug|Any CPU.Build.0 = Debug|Any CPU
		{66AE7B35-C505-4CCE-97D1-191F91F1686D}.Release|Any CPU.ActiveCfg = Release|Any CPU
		{66AE7B35-C505-4CCE-97D1-191F91F1686D}.Release|Any CPU.Build.0 = Release|Any CPU
		{8F5FFDBF-633E-4629-8F2D-5169F932ED66}.Debug|Any CPU.ActiveCfg = Debug|Any CPU
		{8F5FFDBF-633E-4629-8F2D-5169F932ED66}.Debug|Any CPU.Build.0 = Debug|Any CPU
		{8F5FFDBF-633E-4629-8F2D-5169F932ED66}.Release|Any CPU.ActiveCfg = Release|Any CPU
		{8F5FFDBF-633E-4629-8F2D-5169F932ED66}.Release|Any CPU.Build.0 = Release|Any CPU
		{D5D107D3-A851-4E89-AACB-4A3EE53B244D}.Debug|Any CPU.ActiveCfg = Debug|Any CPU
		{D5D107D3-A851-4E89-AACB-4A3EE53B244D}.Debug|Any CPU.Build.0 = Debug|Any CPU
		{D5D107D3-A851-4E89-AACB-4A3EE53B244D}.Release|Any CPU.ActiveCfg = Release|Any CPU
		{D5D107D3-A851-4E89-AACB-4A3EE53B244D}.Release|Any CPU.Build.0 = Release|Any CPU
		{40568570-451A-4208-808C-354773C1B54B}.Debug|Any CPU.ActiveCfg = Debug|Any CPU
		{40568570-451A-4208-808C-354773C1B54B}.Debug|Any CPU.Build.0 = Debug|Any CPU
		{40568570-451A-4208-808C-354773C1B54B}.Release|Any CPU.ActiveCfg = Release|Any CPU
		{40568570-451A-4208-808C-354773C1B54B}.Release|Any CPU.Build.0 = Release|Any CPU
		{E0186127-7F59-4057-94BE-15058FB7F704}.Debug|Any CPU.ActiveCfg = Debug|Any CPU
		{E0186127-7F59-4057-94BE-15058FB7F704}.Debug|Any CPU.Build.0 = Debug|Any CPU
		{E0186127-7F59-4057-94BE-15058FB7F704}.Release|Any CPU.ActiveCfg = Release|Any CPU
		{E0186127-7F59-4057-94BE-15058FB7F704}.Release|Any CPU.Build.0 = Release|Any CPU
	EndGlobalSection
	GlobalSection(SolutionProperties) = preSolution
		HideSolutionNode = FALSE
	EndGlobalSection
	GlobalSection(ExtensibilityGlobals) = postSolution
		SolutionGuid = {2B03EC49-2ED5-4C55-BBCF-837DB27CA220}
	EndGlobalSection
EndGlobal
